// !$*UTF8*$!
{
	archiveVersion = 1;
	classes = {
	};
	objectVersion = 46;
	objects = {

/* Begin PBXBuildFile section */
		78D4C6281E8ED1E500307912 /* AppDelegate.swift in Sources */ = {isa = PBXBuildFile; fileRef = 78D4C6271E8ED1E500307912 /* AppDelegate.swift */; };
		78D4C62A1E8ED1E500307912 /* MainViewController.swift in Sources */ = {isa = PBXBuildFile; fileRef = 78D4C6291E8ED1E500307912 /* MainViewController.swift */; };
		78D4C62C1E8ED1E500307912 /* Assets.xcassets in Resources */ = {isa = PBXBuildFile; fileRef = 78D4C62B1E8ED1E500307912 /* Assets.xcassets */; };
		78D4C62F1E8ED1E500307912 /* Main.storyboard in Resources */ = {isa = PBXBuildFile; fileRef = 78D4C62D1E8ED1E500307912 /* Main.storyboard */; };
		78D4C63A1E8ED1E500307912 /* InventaryZTests.swift in Sources */ = {isa = PBXBuildFile; fileRef = 78D4C6391E8ED1E500307912 /* InventaryZTests.swift */; };
		78D4C6451E8ED1E500307912 /* InventaryZUITests.swift in Sources */ = {isa = PBXBuildFile; fileRef = 78D4C6441E8ED1E500307912 /* InventaryZUITests.swift */; };
		78D4C6551E8EEE4D00307912 /* MainPresenter.swift in Sources */ = {isa = PBXBuildFile; fileRef = 78D4C6541E8EEE4D00307912 /* MainPresenter.swift */; };
		78D4C6561E8EEE4D00307912 /* MainPresenter.swift in Sources */ = {isa = PBXBuildFile; fileRef = 78D4C6541E8EEE4D00307912 /* MainPresenter.swift */; };
		78D4C65A1E8EF1C700307912 /* LocalStorage.swift in Sources */ = {isa = PBXBuildFile; fileRef = 78D4C6591E8EF1C700307912 /* LocalStorage.swift */; };
		78D4C65B1E8EF1C700307912 /* LocalStorage.swift in Sources */ = {isa = PBXBuildFile; fileRef = 78D4C6591E8EF1C700307912 /* LocalStorage.swift */; };
		78D4C65C1E8EF1C700307912 /* LocalStorage.swift in Sources */ = {isa = PBXBuildFile; fileRef = 78D4C6591E8EF1C700307912 /* LocalStorage.swift */; };
		78D4C65E1E8EF97000307912 /* K.swift in Sources */ = {isa = PBXBuildFile; fileRef = 78D4C65D1E8EF97000307912 /* K.swift */; };
		78D4C65F1E8EF97000307912 /* K.swift in Sources */ = {isa = PBXBuildFile; fileRef = 78D4C65D1E8EF97000307912 /* K.swift */; };
		78D4C6601E8EF97000307912 /* K.swift in Sources */ = {isa = PBXBuildFile; fileRef = 78D4C65D1E8EF97000307912 /* K.swift */; };
		78D4C6621E8EF9D900307912 /* Aliases.swift in Sources */ = {isa = PBXBuildFile; fileRef = 78D4C6611E8EF9D900307912 /* Aliases.swift */; };
		78D4C6631E8EF9D900307912 /* Aliases.swift in Sources */ = {isa = PBXBuildFile; fileRef = 78D4C6611E8EF9D900307912 /* Aliases.swift */; };
		78D4C6641E8EF9D900307912 /* Aliases.swift in Sources */ = {isa = PBXBuildFile; fileRef = 78D4C6611E8EF9D900307912 /* Aliases.swift */; };
		78D4C6681E8F061400307912 /* CloudKit.framework in Frameworks */ = {isa = PBXBuildFile; fileRef = 78D4C6671E8F061400307912 /* CloudKit.framework */; };
/* End PBXBuildFile section */

/* Begin PBXContainerItemProxy section */
		78D4C6361E8ED1E500307912 /* PBXContainerItemProxy */ = {
			isa = PBXContainerItemProxy;
			containerPortal = 78D4C61C1E8ED1E500307912 /* Project object */;
			proxyType = 1;
			remoteGlobalIDString = 78D4C6231E8ED1E500307912;
			remoteInfo = InventaryZ;
		};
		78D4C6411E8ED1E500307912 /* PBXContainerItemProxy */ = {
			isa = PBXContainerItemProxy;
			containerPortal = 78D4C61C1E8ED1E500307912 /* Project object */;
			proxyType = 1;
			remoteGlobalIDString = 78D4C6231E8ED1E500307912;
			remoteInfo = InventaryZ;
		};
/* End PBXContainerItemProxy section */

/* Begin PBXFileReference section */
		78D4C6241E8ED1E500307912 /* InventaryZ.app */ = {isa = PBXFileReference; explicitFileType = wrapper.application; includeInIndex = 0; path = InventaryZ.app; sourceTree = BUILT_PRODUCTS_DIR; };
		78D4C6271E8ED1E500307912 /* AppDelegate.swift */ = {isa = PBXFileReference; lastKnownFileType = sourcecode.swift; path = AppDelegate.swift; sourceTree = "<group>"; };
		78D4C6291E8ED1E500307912 /* MainViewController.swift */ = {isa = PBXFileReference; lastKnownFileType = sourcecode.swift; path = MainViewController.swift; sourceTree = "<group>"; };
		78D4C62B1E8ED1E500307912 /* Assets.xcassets */ = {isa = PBXFileReference; lastKnownFileType = folder.assetcatalog; path = Assets.xcassets; sourceTree = "<group>"; };
		78D4C62E1E8ED1E500307912 /* Base */ = {isa = PBXFileReference; lastKnownFileType = file.storyboard; name = Base; path = Base.lproj/Main.storyboard; sourceTree = "<group>"; };
		78D4C6301E8ED1E500307912 /* Info.plist */ = {isa = PBXFileReference; lastKnownFileType = text.plist.xml; path = Info.plist; sourceTree = "<group>"; };
		78D4C6351E8ED1E500307912 /* InventaryZTests.xctest */ = {isa = PBXFileReference; explicitFileType = wrapper.cfbundle; includeInIndex = 0; path = InventaryZTests.xctest; sourceTree = BUILT_PRODUCTS_DIR; };
		78D4C6391E8ED1E500307912 /* InventaryZTests.swift */ = {isa = PBXFileReference; lastKnownFileType = sourcecode.swift; path = InventaryZTests.swift; sourceTree = "<group>"; };
		78D4C63B1E8ED1E500307912 /* Info.plist */ = {isa = PBXFileReference; lastKnownFileType = text.plist.xml; path = Info.plist; sourceTree = "<group>"; };
		78D4C6401E8ED1E500307912 /* InventaryZUITests.xctest */ = {isa = PBXFileReference; explicitFileType = wrapper.cfbundle; includeInIndex = 0; path = InventaryZUITests.xctest; sourceTree = BUILT_PRODUCTS_DIR; };
		78D4C6441E8ED1E500307912 /* InventaryZUITests.swift */ = {isa = PBXFileReference; lastKnownFileType = sourcecode.swift; path = InventaryZUITests.swift; sourceTree = "<group>"; };
		78D4C6461E8ED1E500307912 /* Info.plist */ = {isa = PBXFileReference; lastKnownFileType = text.plist.xml; path = Info.plist; sourceTree = "<group>"; };
		78D4C6541E8EEE4D00307912 /* MainPresenter.swift */ = {isa = PBXFileReference; fileEncoding = 4; lastKnownFileType = sourcecode.swift; name = MainPresenter.swift; path = UI/Main/MainPresenter.swift; sourceTree = "<group>"; };
		78D4C6591E8EF1C700307912 /* LocalStorage.swift */ = {isa = PBXFileReference; fileEncoding = 4; lastKnownFileType = sourcecode.swift; name = LocalStorage.swift; path = Core/Global/LocalStorage.swift; sourceTree = "<group>"; };
		78D4C65D1E8EF97000307912 /* K.swift */ = {isa = PBXFileReference; fileEncoding = 4; lastKnownFileType = sourcecode.swift; path = K.swift; sourceTree = "<group>"; };
		78D4C6611E8EF9D900307912 /* Aliases.swift */ = {isa = PBXFileReference; fileEncoding = 4; lastKnownFileType = sourcecode.swift; name = Aliases.swift; path = Core/Global/Aliases.swift; sourceTree = "<group>"; };
		78D4C6651E8F05F900307912 /* InventaryZ.entitlements */ = {isa = PBXFileReference; lastKnownFileType = text.plist.entitlements; path = InventaryZ.entitlements; sourceTree = "<group>"; };
		78D4C6671E8F061400307912 /* CloudKit.framework */ = {isa = PBXFileReference; lastKnownFileType = wrapper.framework; name = CloudKit.framework; path = System/Library/Frameworks/CloudKit.framework; sourceTree = SDKROOT; };
/* End PBXFileReference section */

/* Begin PBXFrameworksBuildPhase section */
		78D4C6211E8ED1E500307912 /* Frameworks */ = {
			isa = PBXFrameworksBuildPhase;
			buildActionMask = 2147483647;
			files = (
				78D4C6681E8F061400307912 /* CloudKit.framework in Frameworks */,
			);
			runOnlyForDeploymentPostprocessing = 0;
		};
		78D4C6321E8ED1E500307912 /* Frameworks */ = {
			isa = PBXFrameworksBuildPhase;
			buildActionMask = 2147483647;
			files = (
			);
			runOnlyForDeploymentPostprocessing = 0;
		};
		78D4C63D1E8ED1E500307912 /* Frameworks */ = {
			isa = PBXFrameworksBuildPhase;
			buildActionMask = 2147483647;
			files = (
			);
			runOnlyForDeploymentPostprocessing = 0;
		};
/* End PBXFrameworksBuildPhase section */

/* Begin PBXGroup section */
		78D4C61B1E8ED1E500307912 = {
			isa = PBXGroup;
			children = (
				78D4C6261E8ED1E500307912 /* InventaryZ */,
				78D4C6381E8ED1E500307912 /* InventaryZTests */,
				78D4C6431E8ED1E500307912 /* InventaryZUITests */,
				78D4C6251E8ED1E500307912 /* Products */,
				78D4C6661E8F061400307912 /* Frameworks */,
			);
			sourceTree = "<group>";
		};
		78D4C6251E8ED1E500307912 /* Products */ = {
			isa = PBXGroup;
			children = (
				78D4C6241E8ED1E500307912 /* InventaryZ.app */,
				78D4C6351E8ED1E500307912 /* InventaryZTests.xctest */,
				78D4C6401E8ED1E500307912 /* InventaryZUITests.xctest */,
			);
			name = Products;
			sourceTree = "<group>";
		};
		78D4C6261E8ED1E500307912 /* InventaryZ */ = {
			isa = PBXGroup;
			children = (
				78D4C6651E8F05F900307912 /* InventaryZ.entitlements */,
				78D4C6571E8EF18500307912 /* Core */,
				78D4C6521E8EED0900307912 /* UI */,
				78D4C6271E8ED1E500307912 /* AppDelegate.swift */,
				78D4C62B1E8ED1E500307912 /* Assets.xcassets */,
				78D4C6301E8ED1E500307912 /* Info.plist */,
				78D4C65D1E8EF97000307912 /* K.swift */,
			);
			path = InventaryZ;
			sourceTree = "<group>";
		};
		78D4C6381E8ED1E500307912 /* InventaryZTests */ = {
			isa = PBXGroup;
			children = (
				78D4C6391E8ED1E500307912 /* InventaryZTests.swift */,
				78D4C63B1E8ED1E500307912 /* Info.plist */,
			);
			path = InventaryZTests;
			sourceTree = "<group>";
		};
		78D4C6431E8ED1E500307912 /* InventaryZUITests */ = {
			isa = PBXGroup;
			children = (
				78D4C6441E8ED1E500307912 /* InventaryZUITests.swift */,
				78D4C6461E8ED1E500307912 /* Info.plist */,
			);
			path = InventaryZUITests;
			sourceTree = "<group>";
		};
		78D4C6521E8EED0900307912 /* UI */ = {
			isa = PBXGroup;
			children = (
				78D4C62D1E8ED1E500307912 /* Main.storyboard */,
				78D4C6531E8EEDBF00307912 /* Main */,
			);
			name = UI;
			sourceTree = "<group>";
		};
		78D4C6531E8EEDBF00307912 /* Main */ = {
			isa = PBXGroup;
			children = (
				78D4C6291E8ED1E500307912 /* MainViewController.swift */,
				78D4C6541E8EEE4D00307912 /* MainPresenter.swift */,
			);
			name = Main;
			sourceTree = "<group>";
		};
		78D4C6571E8EF18500307912 /* Core */ = {
			isa = PBXGroup;
			children = (
				78D4C6581E8EF19200307912 /* Global */,
			);
			name = Core;
			sourceTree = "<group>";
		};
		78D4C6581E8EF19200307912 /* Global */ = {
			isa = PBXGroup;
			children = (
				78D4C6591E8EF1C700307912 /* LocalStorage.swift */,
				78D4C6611E8EF9D900307912 /* Aliases.swift */,
			);
			name = Global;
			sourceTree = "<group>";
		};
		78D4C6661E8F061400307912 /* Frameworks */ = {
			isa = PBXGroup;
			children = (
				78D4C6671E8F061400307912 /* CloudKit.framework */,
			);
			name = Frameworks;
			sourceTree = "<group>";
		};
/* End PBXGroup section */

/* Begin PBXNativeTarget section */
		78D4C6231E8ED1E500307912 /* InventaryZ */ = {
			isa = PBXNativeTarget;
			buildConfigurationList = 78D4C6491E8ED1E500307912 /* Build configuration list for PBXNativeTarget "InventaryZ" */;
			buildPhases = (
				78D4C6201E8ED1E500307912 /* Sources */,
				78D4C6211E8ED1E500307912 /* Frameworks */,
				78D4C6221E8ED1E500307912 /* Resources */,
			);
			buildRules = (
			);
			dependencies = (
			);
			name = InventaryZ;
			productName = InventaryZ;
			productReference = 78D4C6241E8ED1E500307912 /* InventaryZ.app */;
			productType = "com.apple.product-type.application";
		};
		78D4C6341E8ED1E500307912 /* InventaryZTests */ = {
			isa = PBXNativeTarget;
			buildConfigurationList = 78D4C64C1E8ED1E500307912 /* Build configuration list for PBXNativeTarget "InventaryZTests" */;
			buildPhases = (
				78D4C6311E8ED1E500307912 /* Sources */,
				78D4C6321E8ED1E500307912 /* Frameworks */,
				78D4C6331E8ED1E500307912 /* Resources */,
			);
			buildRules = (
			);
			dependencies = (
				78D4C6371E8ED1E500307912 /* PBXTargetDependency */,
			);
			name = InventaryZTests;
			productName = InventaryZTests;
			productReference = 78D4C6351E8ED1E500307912 /* InventaryZTests.xctest */;
			productType = "com.apple.product-type.bundle.unit-test";
		};
		78D4C63F1E8ED1E500307912 /* InventaryZUITests */ = {
			isa = PBXNativeTarget;
			buildConfigurationList = 78D4C64F1E8ED1E500307912 /* Build configuration list for PBXNativeTarget "InventaryZUITests" */;
			buildPhases = (
				78D4C63C1E8ED1E500307912 /* Sources */,
				78D4C63D1E8ED1E500307912 /* Frameworks */,
				78D4C63E1E8ED1E500307912 /* Resources */,
			);
			buildRules = (
			);
			dependencies = (
				78D4C6421E8ED1E500307912 /* PBXTargetDependency */,
			);
			name = InventaryZUITests;
			productName = InventaryZUITests;
			productReference = 78D4C6401E8ED1E500307912 /* InventaryZUITests.xctest */;
			productType = "com.apple.product-type.bundle.ui-testing";
		};
/* End PBXNativeTarget section */

/* Begin PBXProject section */
		78D4C61C1E8ED1E500307912 /* Project object */ = {
			isa = PBXProject;
			attributes = {
				LastSwiftUpdateCheck = 0820;
				LastUpgradeCheck = 0820;
				ORGANIZATIONNAME = "Sergio Daniel Lozano";
				TargetAttributes = {
					78D4C6231E8ED1E500307912 = {
						CreatedOnToolsVersion = 8.2.1;
						DevelopmentTeam = AQUE4FE98B;
						ProvisioningStyle = Automatic;
						SystemCapabilities = {
							com.apple.Push = {
								enabled = 1;
							};
							com.apple.iCloud = {
								enabled = 1;
							};
						};
					};
					78D4C6341E8ED1E500307912 = {
						CreatedOnToolsVersion = 8.2.1;
						DevelopmentTeam = AQUE4FE98B;
						ProvisioningStyle = Automatic;
						TestTargetID = 78D4C6231E8ED1E500307912;
					};
					78D4C63F1E8ED1E500307912 = {
						CreatedOnToolsVersion = 8.2.1;
						DevelopmentTeam = AQUE4FE98B;
						ProvisioningStyle = Automatic;
						TestTargetID = 78D4C6231E8ED1E500307912;
					};
				};
			};
			buildConfigurationList = 78D4C61F1E8ED1E500307912 /* Build configuration list for PBXProject "InventaryZ" */;
			compatibilityVersion = "Xcode 3.2";
			developmentRegion = English;
			hasScannedForEncodings = 0;
			knownRegions = (
				en,
				Base,
			);
			mainGroup = 78D4C61B1E8ED1E500307912;
			productRefGroup = 78D4C6251E8ED1E500307912 /* Products */;
			projectDirPath = "";
			projectRoot = "";
			targets = (
				78D4C6231E8ED1E500307912 /* InventaryZ */,
				78D4C6341E8ED1E500307912 /* InventaryZTests */,
				78D4C63F1E8ED1E500307912 /* InventaryZUITests */,
			);
		};
/* End PBXProject section */

/* Begin PBXResourcesBuildPhase section */
		78D4C6221E8ED1E500307912 /* Resources */ = {
			isa = PBXResourcesBuildPhase;
			buildActionMask = 2147483647;
			files = (
				78D4C62C1E8ED1E500307912 /* Assets.xcassets in Resources */,
				78D4C62F1E8ED1E500307912 /* Main.storyboard in Resources */,
			);
			runOnlyForDeploymentPostprocessing = 0;
		};
		78D4C6331E8ED1E500307912 /* Resources */ = {
			isa = PBXResourcesBuildPhase;
			buildActionMask = 2147483647;
			files = (
			);
			runOnlyForDeploymentPostprocessing = 0;
		};
		78D4C63E1E8ED1E500307912 /* Resources */ = {
			isa = PBXResourcesBuildPhase;
			buildActionMask = 2147483647;
			files = (
			);
			runOnlyForDeploymentPostprocessing = 0;
		};
/* End PBXResourcesBuildPhase section */

/* Begin PBXSourcesBuildPhase section */
		78D4C6201E8ED1E500307912 /* Sources */ = {
			isa = PBXSourcesBuildPhase;
			buildActionMask = 2147483647;
			files = (
				78D4C62A1E8ED1E500307912 /* MainViewController.swift in Sources */,
				78D4C65E1E8EF97000307912 /* K.swift in Sources */,
				78D4C6621E8EF9D900307912 /* Aliases.swift in Sources */,
				78D4C65A1E8EF1C700307912 /* LocalStorage.swift in Sources */,
				78D4C6281E8ED1E500307912 /* AppDelegate.swift in Sources */,
				78D4C6551E8EEE4D00307912 /* MainPresenter.swift in Sources */,
			);
			runOnlyForDeploymentPostprocessing = 0;
		};
		78D4C6311E8ED1E500307912 /* Sources */ = {
			isa = PBXSourcesBuildPhase;
			buildActionMask = 2147483647;
			files = (
				78D4C65F1E8EF97000307912 /* K.swift in Sources */,
				78D4C63A1E8ED1E500307912 /* InventaryZTests.swift in Sources */,
				78D4C6631E8EF9D900307912 /* Aliases.swift in Sources */,
				78D4C65B1E8EF1C700307912 /* LocalStorage.swift in Sources */,
			);
			runOnlyForDeploymentPostprocessing = 0;
		};
		78D4C63C1E8ED1E500307912 /* Sources */ = {
			isa = PBXSourcesBuildPhase;
			buildActionMask = 2147483647;
			files = (
				78D4C6641E8EF9D900307912 /* Aliases.swift in Sources */,
				78D4C65C1E8EF1C700307912 /* LocalStorage.swift in Sources */,
				78D4C6601E8EF97000307912 /* K.swift in Sources */,
				78D4C6451E8ED1E500307912 /* InventaryZUITests.swift in Sources */,
				78D4C6561E8EEE4D00307912 /* MainPresenter.swift in Sources */,
			);
			runOnlyForDeploymentPostprocessing = 0;
		};
/* End PBXSourcesBuildPhase section */

/* Begin PBXTargetDependency section */
		78D4C6371E8ED1E500307912 /* PBXTargetDependency */ = {
			isa = PBXTargetDependency;
			target = 78D4C6231E8ED1E500307912 /* InventaryZ */;
			targetProxy = 78D4C6361E8ED1E500307912 /* PBXContainerItemProxy */;
		};
		78D4C6421E8ED1E500307912 /* PBXTargetDependency */ = {
			isa = PBXTargetDependency;
			target = 78D4C6231E8ED1E500307912 /* InventaryZ */;
			targetProxy = 78D4C6411E8ED1E500307912 /* PBXContainerItemProxy */;
		};
/* End PBXTargetDependency section */

/* Begin PBXVariantGroup section */
		78D4C62D1E8ED1E500307912 /* Main.storyboard */ = {
			isa = PBXVariantGroup;
			children = (
				78D4C62E1E8ED1E500307912 /* Base */,
			);
			name = Main.storyboard;
			sourceTree = "<group>";
		};
/* End PBXVariantGroup section */

/* Begin XCBuildConfiguration section */
		78D4C6471E8ED1E500307912 /* Debug */ = {
			isa = XCBuildConfiguration;
			buildSettings = {
				ALWAYS_SEARCH_USER_PATHS = NO;
				CLANG_ANALYZER_NONNULL = YES;
				CLANG_CXX_LANGUAGE_STANDARD = "gnu++0x";
				CLANG_CXX_LIBRARY = "libc++";
				CLANG_ENABLE_MODULES = YES;
				CLANG_ENABLE_OBJC_ARC = YES;
				CLANG_WARN_BOOL_CONVERSION = YES;
				CLANG_WARN_CONSTANT_CONVERSION = YES;
				CLANG_WARN_DIRECT_OBJC_ISA_USAGE = YES_ERROR;
				CLANG_WARN_DOCUMENTATION_COMMENTS = YES;
				CLANG_WARN_EMPTY_BODY = YES;
				CLANG_WARN_ENUM_CONVERSION = YES;
				CLANG_WARN_INFINITE_RECURSION = YES;
				CLANG_WARN_INT_CONVERSION = YES;
				CLANG_WARN_OBJC_ROOT_CLASS = YES_ERROR;
				CLANG_WARN_SUSPICIOUS_MOVE = YES;
				CLANG_WARN_UNREACHABLE_CODE = YES;
				CLANG_WARN__DUPLICATE_METHOD_MATCH = YES;
				CODE_SIGN_IDENTITY = "-";
				COPY_PHASE_STRIP = NO;
				DEBUG_INFORMATION_FORMAT = dwarf;
				ENABLE_STRICT_OBJC_MSGSEND = YES;
				ENABLE_TESTABILITY = YES;
				GCC_C_LANGUAGE_STANDARD = gnu99;
				GCC_DYNAMIC_NO_PIC = NO;
				GCC_NO_COMMON_BLOCKS = YES;
				GCC_OPTIMIZATION_LEVEL = 0;
				GCC_PREPROCESSOR_DEFINITIONS = (
					"DEBUG=1",
					"$(inherited)",
				);
				GCC_WARN_64_TO_32_BIT_CONVERSION = YES;
				GCC_WARN_ABOUT_RETURN_TYPE = YES_ERROR;
				GCC_WARN_UNDECLARED_SELECTOR = YES;
				GCC_WARN_UNINITIALIZED_AUTOS = YES_AGGRESSIVE;
				GCC_WARN_UNUSED_FUNCTION = YES;
				GCC_WARN_UNUSED_VARIABLE = YES;
				MACOSX_DEPLOYMENT_TARGET = 10.12;
				MTL_ENABLE_DEBUG_INFO = YES;
				ONLY_ACTIVE_ARCH = YES;
				SDKROOT = macosx;
				SWIFT_ACTIVE_COMPILATION_CONDITIONS = DEBUG;
				SWIFT_OPTIMIZATION_LEVEL = "-Onone";
			};
			name = Debug;
		};
		78D4C6481E8ED1E500307912 /* Release */ = {
			isa = XCBuildConfiguration;
			buildSettings = {
				ALWAYS_SEARCH_USER_PATHS = NO;
				CLANG_ANALYZER_NONNULL = YES;
				CLANG_CXX_LANGUAGE_STANDARD = "gnu++0x";
				CLANG_CXX_LIBRARY = "libc++";
				CLANG_ENABLE_MODULES = YES;
				CLANG_ENABLE_OBJC_ARC = YES;
				CLANG_WARN_BOOL_CONVERSION = YES;
				CLANG_WARN_CONSTANT_CONVERSION = YES;
				CLANG_WARN_DIRECT_OBJC_ISA_USAGE = YES_ERROR;
				CLANG_WARN_DOCUMENTATION_COMMENTS = YES;
				CLANG_WARN_EMPTY_BODY = YES;
				CLANG_WARN_ENUM_CONVERSION = YES;
				CLANG_WARN_INFINITE_RECURSION = YES;
				CLANG_WARN_INT_CONVERSION = YES;
				CLANG_WARN_OBJC_ROOT_CLASS = YES_ERROR;
				CLANG_WARN_SUSPICIOUS_MOVE = YES;
				CLANG_WARN_UNREACHABLE_CODE = YES;
				CLANG_WARN__DUPLICATE_METHOD_MATCH = YES;
				CODE_SIGN_IDENTITY = "-";
				COPY_PHASE_STRIP = NO;
				DEBUG_INFORMATION_FORMAT = "dwarf-with-dsym";
				ENABLE_NS_ASSERTIONS = NO;
				ENABLE_STRICT_OBJC_MSGSEND = YES;
				GCC_C_LANGUAGE_STANDARD = gnu99;
				GCC_NO_COMMON_BLOCKS = YES;
				GCC_WARN_64_TO_32_BIT_CONVERSION = YES;
				GCC_WARN_ABOUT_RETURN_TYPE = YES_ERROR;
				GCC_WARN_UNDECLARED_SELECTOR = YES;
				GCC_WARN_UNINITIALIZED_AUTOS = YES_AGGRESSIVE;
				GCC_WARN_UNUSED_FUNCTION = YES;
				GCC_WARN_UNUSED_VARIABLE = YES;
				MACOSX_DEPLOYMENT_TARGET = 10.12;
				MTL_ENABLE_DEBUG_INFO = NO;
				SDKROOT = macosx;
				SWIFT_OPTIMIZATION_LEVEL = "-Owholemodule";
			};
			name = Release;
		};
		78D4C64A1E8ED1E500307912 /* Debug */ = {
			isa = XCBuildConfiguration;
			buildSettings = {
				ASSETCATALOG_COMPILER_APPICON_NAME = AppIcon;
				CODE_SIGN_ENTITLEMENTS = InventaryZ/InventaryZ.entitlements;
				CODE_SIGN_IDENTITY = "Mac Developer";
				COMBINE_HIDPI_IMAGES = YES;
				DEVELOPMENT_TEAM = AQUE4FE98B;
				INFOPLIST_FILE = InventaryZ/Info.plist;
				LD_RUNPATH_SEARCH_PATHS = "$(inherited) @executable_path/../Frameworks";
				PRODUCT_BUNDLE_IDENTIFIER = io.zheref.InventaryZ;
				PRODUCT_NAME = "$(TARGET_NAME)";
				SWIFT_VERSION = 3.0;
			};
			name = Debug;
		};
		78D4C64B1E8ED1E500307912 /* Release */ = {
			isa = XCBuildConfiguration;
			buildSettings = {
				ASSETCATALOG_COMPILER_APPICON_NAME = AppIcon;
				CODE_SIGN_ENTITLEMENTS = InventaryZ/InventaryZ.entitlements;
				CODE_SIGN_IDENTITY = "Mac Developer";
				COMBINE_HIDPI_IMAGES = YES;
				DEVELOPMENT_TEAM = AQUE4FE98B;
				INFOPLIST_FILE = InventaryZ/Info.plist;
				LD_RUNPATH_SEARCH_PATHS = "$(inherited) @executable_path/../Frameworks";
				PRODUCT_BUNDLE_IDENTIFIER = io.zheref.InventaryZ;
				PRODUCT_NAME = "$(TARGET_NAME)";
				SWIFT_VERSION = 3.0;
			};
			name = Release;
		};
		78D4C64D1E8ED1E500307912 /* Debug */ = {
			isa = XCBuildConfiguration;
			buildSettings = {
				ALWAYS_EMBED_SWIFT_STANDARD_LIBRARIES = YES;
				BUNDLE_LOADER = "$(TEST_HOST)";
				COMBINE_HIDPI_IMAGES = YES;
				DEVELOPMENT_TEAM = AQUE4FE98B;
				INFOPLIST_FILE = InventaryZTests/Info.plist;
				LD_RUNPATH_SEARCH_PATHS = "$(inherited) @executable_path/../Frameworks @loader_path/../Frameworks";
				PRODUCT_BUNDLE_IDENTIFIER = io.zheref.InventaryZTests;
				PRODUCT_NAME = "$(TARGET_NAME)";
				SWIFT_VERSION = 3.0;
				TEST_HOST = "$(BUILT_PRODUCTS_DIR)/InventaryZ.app/Contents/MacOS/InventaryZ";
			};
			name = Debug;
		};
		78D4C64E1E8ED1E500307912 /* Release */ = {
			isa = XCBuildConfiguration;
			buildSettings = {
				ALWAYS_EMBED_SWIFT_STANDARD_LIBRARIES = YES;
				BUNDLE_LOADER = "$(TEST_HOST)";
				COMBINE_HIDPI_IMAGES = YES;
				DEVELOPMENT_TEAM = AQUE4FE98B;
				INFOPLIST_FILE = InventaryZTests/Info.plist;
				LD_RUNPATH_SEARCH_PATHS = "$(inherited) @executable_path/../Frameworks @loader_path/../Frameworks";
				PRODUCT_BUNDLE_IDENTIFIER = io.zheref.InventaryZTests;
				PRODUCT_NAME = "$(TARGET_NAME)";
				SWIFT_VERSION = 3.0;
				TEST_HOST = "$(BUILT_PRODUCTS_DIR)/InventaryZ.app/Contents/MacOS/InventaryZ";
			};
			name = Release;
		};
		78D4C6501E8ED1E500307912 /* Debug */ = {
			isa = XCBuildConfiguration;
			buildSettings = {
				ALWAYS_EMBED_SWIFT_STANDARD_LIBRARIES = YES;
				COMBINE_HIDPI_IMAGES = YES;
				DEVELOPMENT_TEAM = AQUE4FE98B;
				INFOPLIST_FILE = InventaryZUITests/Info.plist;
				LD_RUNPATH_SEARCH_PATHS = "$(inherited) @executable_path/../Frameworks @loader_path/../Frameworks";
				PRODUCT_BUNDLE_IDENTIFIER = io.zheref.InventaryZUITests;
				PRODUCT_NAME = "$(TARGET_NAME)";
				SWIFT_VERSION = 3.0;
				TEST_TARGET_NAME = InventaryZ;
			};
			name = Debug;
		};
		78D4C6511E8ED1E500307912 /* Release */ = {
			isa = XCBuildConfiguration;
			buildSettings = {
				ALWAYS_EMBED_SWIFT_STANDARD_LIBRARIES = YES;
				COMBINE_HIDPI_IMAGES = YES;
				DEVELOPMENT_TEAM = AQUE4FE98B;
				INFOPLIST_FILE = InventaryZUITests/Info.plist;
				LD_RUNPATH_SEARCH_PATHS = "$(inherited) @executable_path/../Frameworks @loader_path/../Frameworks";
				PRODUCT_BUNDLE_IDENTIFIER = io.zheref.InventaryZUITests;
				PRODUCT_NAME = "$(TARGET_NAME)";
				SWIFT_VERSION = 3.0;
				TEST_TARGET_NAME = InventaryZ;
			};
			name = Release;
		};
/* End XCBuildConfiguration section */

/* Begin XCConfigurationList section */
		78D4C61F1E8ED1E500307912 /* Build configuration list for PBXProject "InventaryZ" */ = {
			isa = XCConfigurationList;
			buildConfigurations = (
				78D4C6471E8ED1E500307912 /* Debug */,
				78D4C6481E8ED1E500307912 /* Release */,
			);
			defaultConfigurationIsVisible = 0;
			defaultConfigurationName = Release;
		};
		78D4C6491E8ED1E500307912 /* Build configuration list for PBXNativeTarget "InventaryZ" */ = {
			isa = XCConfigurationList;
			buildConfigurations = (
				78D4C64A1E8ED1E500307912 /* Debug */,
				78D4C64B1E8ED1E500307912 /* Release */,
			);
			defaultConfigurationIsVisible = 0;
			defaultConfigurationName = Release;
		};
		78D4C64C1E8ED1E500307912 /* Build configuration list for PBXNativeTarget "InventaryZTests" */ = {
			isa = XCConfigurationList;
			buildConfigurations = (
				78D4C64D1E8ED1E500307912 /* Debug */,
				78D4C64E1E8ED1E500307912 /* Release */,
			);
			defaultConfigurationIsVisible = 0;
			defaultConfigurationName = Release;
		};
		78D4C64F1E8ED1E500307912 /* Build configuration list for PBXNativeTarget "InventaryZUITests" */ = {
			isa = XCConfigurationList;
			buildConfigurations = (
				78D4C6501E8ED1E500307912 /* Debug */,
				78D4C6511E8ED1E500307912 /* Release */,
			);
			defaultConfigurationIsVisible = 0;
			defaultConfigurationName = Release;
		};
/* End XCConfigurationList section */
	};
	rootObject = 78D4C61C1E8ED1E500307912 /* Project object */;
}
